
Microsoft Visual Studio Solution File, Format Version 12.00
# Visual Studio Version 17
VisualStudioVersion = 17.2.32616.157
MinimumVisualStudioVersion = 10.0.40219.1
Project("{FAE04EC0-301F-11D3-BF4B-00C04F79EFBC}") = "CajeroAutomatico", "CajeroAutomatico\CajeroAutomatico.csproj", "{0D6CEAFA-352B-436F-B55C-062452C50ED9}"
EndProject
Global
	GlobalSection(SolutionConfigurationPlatforms) = preSolution
		Debug|Any CPU = Debug|Any CPU
		Release|Any CPU = Release|Any CPU
	EndGlobalSection
	GlobalSection(ProjectConfigurationPlatforms) = postSolution
		{0D6CEAFA-352B-436F-B55C-062452C50ED9}.Debug|Any CPU.ActiveCfg = Debug|Any CPU
		{0D6CEAFA-352B-436F-B55C-062452C50ED9}.Debug|Any CPU.Build.0 = Debug|Any CPU
		{0D6CEAFA-352B-436F-B55C-062452C50ED9}.Release|Any CPU.ActiveCfg = Release|Any CPU
		{0D6CEAFA-352B-436F-B55C-062452C50ED9}.Release|Any CPU.Build.0 = Release|Any CPU
	EndGlobalSection
	GlobalSection(SolutionProperties) = preSolution
		HideSolutionNode = FALSE
	EndGlobalSection
	GlobalSection(ExtensibilityGlobals) = postSolution
		SolutionGuid = {8EE2BE1C-1314-4324-B216-5FCA669919F0}
	EndGlobalSection
EndGlobal
